{
  "nodes": {
    "flake-utils": {
      "locked": {
        "lastModified": 1601282935,
        "narHash": "sha256-WQAFV6sGGQxrRs3a+/Yj9xUYvhTpukQJIcMbIi7LCJ4=",
        "owner": "numtide",
        "repo": "flake-utils",
        "rev": "588973065fce51f4763287f0fda87a174d78bf48",
        "type": "github"
      },
      "original": {
        "owner": "numtide",
        "repo": "flake-utils",
        "type": "github"
      }
    },
    "nixpkgs": {
      "locked": {
        "lastModified": 1603758576,
        "narHash": "sha256-xKFmWVx+rFInBao3gtmvXcd0LjHD1+0c1Ef5PJDrbuM=",
        "path": "/nix/store/q5xckc93ra0fahpj6z01ffrxj3pa0qa8-source",
        "rev": "1dc37370c489b610f8b91d7fdd40633163ffbafd",
        "type": "path"
      },
      "original": {
        "id": "nixpkgs",
        "type": "indirect"
      }
    },
    "root": {
      "inputs": {
        "flake-utils": "flake-utils",
        "nixpkgs": "nixpkgs",
        "tektoncli": "tektoncli"
      }
    },
    "tektoncli": {
      "flake": false,
      "locked": {
        "lastModified": 1603267745,
        "narHash": "sha256-o+yeXG5fONoMWv1G4cUnYzanOu7g2CsEuI1zYiCCUTI=",
        "owner": "tektoncd",
        "repo": "cli",
        "rev": "b2ac898e07b8de0cf5d043899773cc3e0877bd65",
        "type": "github"
      },
      "original": {
        "owner": "tektoncd",
        "ref": "v0.13.1",
        "repo": "cli",
        "type": "github"
      }
    }
  },
  "root": "root",
  "version": 7
}
